// !$*UTF8*$!
{
	archiveVersion = 1;
	classes = {
	};
	objectVersion = 63;
	objects = {

/* Begin PBXBuildFile section */
		00FCC178857A228DF1774ED7 /* GeofenceMonitorService.swift in Sources */ = {isa = PBXBuildFile; fileRef = B5F77D78FA3060412FC7C158 /* GeofenceMonitorService.swift */; };
		04053086FD774A8E15FE3FD4 /* CalculationMethodInfo.swift in Sources */ = {isa = PBXBuildFile; fileRef = C3D7E52640933BFFFE985213 /* CalculationMethodInfo.swift */; };
		0435AF9116C6455B29C0A3F9 /* LocationManager.swift in Sources */ = {isa = PBXBuildFile; fileRef = FE7C4BAF4C76CCC5B8A60413 /* LocationManager.swift */; };
		0512F6C60232A1C30E854BEB /* NotificationScheduler.swift in Sources */ = {isa = PBXBuildFile; fileRef = 69C6BA7CE2DD85E28133A7B5 /* NotificationScheduler.swift */; };
		0D82A4CC5017FB5EBE4ABE01 /* PrayerTimeEntry.swift in Sources */ = {isa = PBXBuildFile; fileRef = 8B7844EECE7D69EF9C27DB71 /* PrayerTimeEntry.swift */; };
		0E7364D769D692C1BD4EE329 /* CustomAlarmDetailView.swift in Sources */ = {isa = PBXBuildFile; fileRef = 59E44D709E82342D34CE46F0 /* CustomAlarmDetailView.swift */; };
		1577832C5B1F75113910182E /* BackgroundTaskService.swift in Sources */ = {isa = PBXBuildFile; fileRef = EB3B9FA14F4E72FD863E85F2 /* BackgroundTaskService.swift */; };
		16AA664AC3C2D9B0171867B7 /* AdhanAppUITests.swift in Sources */ = {isa = PBXBuildFile; fileRef = 0C2F8F2C604452C4DA660A56 /* AdhanAppUITests.swift */; };
		1FC2E56ADCD3C5825559D7E8 /* ModeRow.swift in Sources */ = {isa = PBXBuildFile; fileRef = CB49AA047585E81149EEE2D5 /* ModeRow.swift */; };
		2088F8CA1E2269AE4FE99E44 /* RamadanDetectionService.swift in Sources */ = {isa = PBXBuildFile; fileRef = CC7B3F41DDEE129AABBFF8E6 /* RamadanDetectionService.swift */; };
		264D0EDB778A248CD554F889 /* Assets.xcassets in Resources */ = {isa = PBXBuildFile; fileRef = 28D5F1A3696EADC131B2A06B /* Assets.xcassets */; };
		2CAB214458B535365ADD1714 /* DownloadProgressButton.swift in Sources */ = {isa = PBXBuildFile; fileRef = 407BC349F59799DE6DAF45F5 /* DownloadProgressButton.swift */; };
		2D6830AAA3AFDABF77C0AD47 /* PrayerCalculationService.swift in Sources */ = {isa = PBXBuildFile; fileRef = 4C71623B4DE8036E0A637A27 /* PrayerCalculationService.swift */; };
		341C3300EA2883D6A389034C /* Localizable.xcstrings in Resources */ = {isa = PBXBuildFile; fileRef = 258D8B32AA67F863444F5AB8 /* Localizable.xcstrings */; };
		381679F9856CDC2F7CB625BB /* InfoPlist.xcstrings in Resources */ = {isa = PBXBuildFile; fileRef = 949491B1C76EC56E3C3AE93A /* InfoPlist.xcstrings */; };
		3F541F4219E39869A8652076 /* Localizable.xcstrings in Resources */ = {isa = PBXBuildFile; fileRef = C4D86924B5F26EE0B85BE2A7 /* Localizable.xcstrings */; };
		44B18EA71052460070DCB844 /* HijriDateService.swift in Sources */ = {isa = PBXBuildFile; fileRef = 5EECB229A2224CF25B692062 /* HijriDateService.swift */; };
		545872A387F6573BCB177D5B /* Adhan in Frameworks */ = {isa = PBXBuildFile; productRef = C02E3492A3D2E5D4FB1DC959 /* Adhan */; };
		591819A5E7CA4E53CA939008 /* AdhanAudioSelectionView.swift in Sources */ = {isa = PBXBuildFile; fileRef = 2FE2561F73C12D3F5688C7B4 /* AdhanAudioSelectionView.swift */; };
		5E96A61D4DBB21FE2F594255 /* AdhanWidgetsBundle.swift in Sources */ = {isa = PBXBuildFile; fileRef = 9A43415A2AEE8127C9947D6B /* AdhanWidgetsBundle.swift */; };
		6B89B5A64BD2281ED321354B /* SyncManager.swift in Sources */ = {isa = PBXBuildFile; fileRef = 7599B0628E2E92E1A4DF20E6 /* SyncManager.swift */; };
		70AA54EEB73DAA41F77AEA80 /* PrayerDetailView.swift in Sources */ = {isa = PBXBuildFile; fileRef = 5F02E914992E012303CDBE69 /* PrayerDetailView.swift */; };
		74E797AA5D777F599C53B25F /* LanguageManager.swift in Sources */ = {isa = PBXBuildFile; fileRef = 331993B85EDD1C1AA8EA1CA8 /* LanguageManager.swift */; };
		7927EAB1EC99A857EF1D7493 /* AdhanApp.swift in Sources */ = {isa = PBXBuildFile; fileRef = 131F68871A87011055ADE7E3 /* AdhanApp.swift */; };
		7BD900964F8DCE0AB368CE8A /* TestView.swift in Sources */ = {isa = PBXBuildFile; fileRef = 2AA3423700813829C8A403F7 /* TestView.swift */; };
		7D24534F388F9EA21177DADF /* HomeView.swift in Sources */ = {isa = PBXBuildFile; fileRef = 5A59A57E924F4811B02FE447 /* HomeView.swift */; };
		8D9CE0C5CA7F2BA12A3055AB /* Adhan in Frameworks */ = {isa = PBXBuildFile; productRef = 17B10984E3CFD148FC4F329F /* Adhan */; };
		9E836436F02462BB160D3480 /* AdhanAlarmAttributes.swift in Sources */ = {isa = PBXBuildFile; fileRef = 3BCC5F38A7A0B6C53346BA7D /* AdhanAlarmAttributes.swift */; };
		DD44EE55FF66001122BB33CC /* AdhanAlarmAttributes.swift in Sources */ = {isa = PBXBuildFile; fileRef = 3BCC5F38A7A0B6C53346BA7D /* AdhanAlarmAttributes.swift */; };
		EE55FF66001122BB33CC4455 /* CancelSnoozeIntent.swift */ = {isa = PBXFileReference; lastKnownFileType = sourcecode.swift; path = CancelSnoozeIntent.swift; sourceTree = "<group>"; };
		FF660011223344556677AABB /* CancelSnoozeIntent.swift in Sources */ = {isa = PBXBuildFile; fileRef = EE55FF66001122BB33CC4455 /* CancelSnoozeIntent.swift */; };
		0011223344556677AABBCCDD /* CancelSnoozeIntent.swift in Sources */ = {isa = PBXBuildFile; fileRef = EE55FF66001122BB33CC4455 /* CancelSnoozeIntent.swift */; };

		9EDD775AF0FF861CE007A819 /* CustomAlarmSoundSelectionView.swift in Sources */ = {isa = PBXBuildFile; fileRef = 22B0C19D2730847644F7BD62 /* CustomAlarmSoundSelectionView.swift */; };
		A17EB2359A4F49B08EA3DC3E /* UserPreferences.swift in Sources */ = {isa = PBXBuildFile; fileRef = 998C13B40966B1F1D7E5A657 /* UserPreferences.swift */; };
		A1AE10AD46A5FDC32B15E2C8 /* OnboardingView.swift in Sources */ = {isa = PBXBuildFile; fileRef = 90DBCCEDEE4D24C88D4B53BB /* OnboardingView.swift */; };
		A3EECA01873A9EB4B272E85F /* PrayerTimesViewModel.swift in Sources */ = {isa = PBXBuildFile; fileRef = 1932D99F1773D9E6FCAE34F6 /* PrayerTimesViewModel.swift */; };
		A472A548F63FB8417EA2D1EB /* AppIcon.icon in Resources */ = {isa = PBXBuildFile; fileRef = 53968A960277545F61AC1D7B /* AppIcon.icon */; };
		A5DA4A6A1BEB86858F3FD490 /* SharedDataManager.swift in Sources */ = {isa = PBXBuildFile; fileRef = CFFBADFA6A7C46A434D9701F /* SharedDataManager.swift */; };
		ACA1ED7B263089DF9604B509 /* Constants.swift in Sources */ = {isa = PBXBuildFile; fileRef = 121298217F8A6F74B7D203DC /* Constants.swift */; };
		AF1E3C3D74A8D3E8264F80AD /* MainTabView.swift in Sources */ = {isa = PBXBuildFile; fileRef = AEF8F8F171C8ED9654BFC5E4 /* MainTabView.swift */; };
		AF4D38C1CD6594D9E491350A /* Assets.xcassets in Resources */ = {isa = PBXBuildFile; fileRef = 59679D2A29CBC5E5F4214ED7 /* Assets.xcassets */; };
		B412CC15900B8D46692A8F0A /* AdhanAudioDownloadManager.swift in Sources */ = {isa = PBXBuildFile; fileRef = 996FE4AFDBDA4BC035AC0815 /* AdhanAudioDownloadManager.swift */; };
		B7441EFC229FECC77C4AD17C /* QiblaView.swift in Sources */ = {isa = PBXBuildFile; fileRef = 0186A987E4C45233F2F97A7D /* QiblaView.swift */; };
		BD9B8CD656D5FF4687E6D496 /* RamadanBanner.swift in Sources */ = {isa = PBXBuildFile; fileRef = 8194E8F3776D50FC3A70B4A2 /* RamadanBanner.swift */; };
		BE5155456596EBCC1FC2D896 /* AdhanAppTests.swift in Sources */ = {isa = PBXBuildFile; fileRef = 75BFA6A7A7B0717F00925D0F /* AdhanAppTests.swift */; };
		C0C9E5CA97C14F3188145520 /* GlassCard.swift in Sources */ = {isa = PBXBuildFile; fileRef = 0AA7FC06DD49E520BC3C9B80 /* GlassCard.swift */; };
		C4F552F58B62EAD8041EB0A0 /* SettingsView.swift in Sources */ = {isa = PBXBuildFile; fileRef = 1573829B5F1072680EB085FF /* SettingsView.swift */; };
		DBE50F6D2F7FF68D007B3C16 /* FirebaseAnalytics in Frameworks */ = {isa = PBXBuildFile; productRef = DBE50F6C2F7FF68D007B3C16 /* FirebaseAnalytics */; };
		DBE50F6F2F7FF68D007B3C16 /* FirebaseCore in Frameworks */ = {isa = PBXBuildFile; productRef = DBE50F6E2F7FF68D007B3C16 /* FirebaseCore */; };
		DBE50F712F7FF68D007B3C16 /* FirebaseCrashlytics in Frameworks */ = {isa = PBXBuildFile; productRef = DBE50F702F7FF68D007B3C16 /* FirebaseCrashlytics */; };
		DBE50F732F7FFA16007B3C16 /* GoogleService-Info.plist in Resources */ = {isa = PBXBuildFile; fileRef = DBE50F722F7FFA16007B3C16 /* GoogleService-Info.plist */; };
		DBE50F762F7FFBB5007B3C16 /* AppLogger.swift in Sources */ = {isa = PBXBuildFile; fileRef = DBE50F752F7FFBB5007B3C16 /* AppLogger.swift */; };
		E0A91FCDBDEA0DFF21E1E1D4 /* AdhanAudio.swift in Sources */ = {isa = PBXBuildFile; fileRef = E6F428D792497229FB8FDC77 /* AdhanAudio.swift */; };
		E9ED2B76756FAE3C78A4E1AE /* TimeOfDayBackground.swift in Sources */ = {isa = PBXBuildFile; fileRef = A5317978492FF0BF787E9508 /* TimeOfDayBackground.swift */; };
		ED1E16323F3B111820A2ED1B /* LocationSettings.swift in Sources */ = {isa = PBXBuildFile; fileRef = 1CFC7FC7F263BB65AA16DA82 /* LocationSettings.swift */; };
		F3115AF86C7131C014811BF0 /* AlarmManager.swift in Sources */ = {isa = PBXBuildFile; fileRef = EEDB0840ACF0AC1ECD5E2275 /* AlarmManager.swift */; };
		F7991B7A5F1B21DF9502B5D8 /* QiblaViewModel.swift in Sources */ = {isa = PBXBuildFile; fileRef = 3FBC88F3C32B1765563F3806 /* QiblaViewModel.swift */; };
		F8FF4F4D48282C9CBC7E409A /* CustomAlarm.swift in Sources */ = {isa = PBXBuildFile; fileRef = B7FBEF5CCF94FDA6F126C0CA /* CustomAlarm.swift */; };
		FE691B576F5E59E1035FA580 /* AdhanWidgets.appex in Embed Foundation Extensions */ = {isa = PBXBuildFile; fileRef = 4262DFC37B01B6765C07659D /* AdhanWidgets.appex */; settings = {ATTRIBUTES = (RemoveHeadersOnCopy, ); }; };
/* End PBXBuildFile section */

/* Begin PBXContainerItemProxy section */
		4D3DC19557CBBF898E0F8DB0 /* PBXContainerItemProxy */ = {
			isa = PBXContainerItemProxy;
			containerPortal = 0BCCF68E80CFAAAA340D6A8E /* Project object */;
			proxyType = 1;
			remoteGlobalIDString = B578D3D7DFE16A4E33C781DE;
			remoteInfo = AdhanApp;
		};
		941397A2B873FEAA645E8041 /* PBXContainerItemProxy */ = {
			isa = PBXContainerItemProxy;
			containerPortal = 0BCCF68E80CFAAAA340D6A8E /* Project object */;
			proxyType = 1;
			remoteGlobalIDString = 8A9BC066CCDB96DD372C9FA2;
			remoteInfo = AdhanWidgets;
		};
		EDD384C1DA2566A3EF7371EE /* PBXContainerItemProxy */ = {
			isa = PBXContainerItemProxy;
			containerPortal = 0BCCF68E80CFAAAA340D6A8E /* Project object */;
			proxyType = 1;
			remoteGlobalIDString = B578D3D7DFE16A4E33C781DE;
			remoteInfo = AdhanApp;
		};
/* End PBXContainerItemProxy section */

/* Begin PBXCopyFilesBuildPhase section */
		DEDAA65DA4B4D2E0DDA97586 /* Embed Foundation Extensions */ = {
			isa = PBXCopyFilesBuildPhase;
			buildActionMask = 2147483647;
			dstPath = "";
			dstSubfolderSpec = 13;
			files = (
				FE691B576F5E59E1035FA580 /* AdhanWidgets.appex in Embed Foundation Extensions */,
			);
			name = "Embed Foundation Extensions";
			runOnlyForDeploymentPostprocessing = 0;
		};
/* End PBXCopyFilesBuildPhase section */

/* Begin PBXFileReference section */
		01081C1118D3781A5DFFE5C1 /* AdhanAppUITests.xctest */ = {isa = PBXFileReference; explicitFileType = wrapper.cfbundle; includeInIndex = 0; path = AdhanAppUITests.xctest; sourceTree = BUILT_PRODUCTS_DIR; };
		0186A987E4C45233F2F97A7D /* QiblaView.swift */ = {isa = PBXFileReference; lastKnownFileType = sourcecode.swift; path = QiblaView.swift; sourceTree = "<group>"; };
		0AA7FC06DD49E520BC3C9B80 /* GlassCard.swift */ = {isa = PBXFileReference; lastKnownFileType = sourcecode.swift; path = GlassCard.swift; sourceTree = "<group>"; };
		0C2F8F2C604452C4DA660A56 /* AdhanAppUITests.swift */ = {isa = PBXFileReference; lastKnownFileType = sourcecode.swift; path = AdhanAppUITests.swift; sourceTree = "<group>"; };
		121298217F8A6F74B7D203DC /* Constants.swift */ = {isa = PBXFileReference; lastKnownFileType = sourcecode.swift; path = Constants.swift; sourceTree = "<group>"; };
		131F68871A87011055ADE7E3 /* AdhanApp.swift */ = {isa = PBXFileReference; lastKnownFileType = sourcecode.swift; path = AdhanApp.swift; sourceTree = "<group>"; };
		1573829B5F1072680EB085FF /* SettingsView.swift */ = {isa = PBXFileReference; lastKnownFileType = sourcecode.swift; path = SettingsView.swift; sourceTree = "<group>"; };
		1932D99F1773D9E6FCAE34F6 /* PrayerTimesViewModel.swift */ = {isa = PBXFileReference; lastKnownFileType = sourcecode.swift; path = PrayerTimesViewModel.swift; sourceTree = "<group>"; };
		1CFC7FC7F263BB65AA16DA82 /* LocationSettings.swift */ = {isa = PBXFileReference; lastKnownFileType = sourcecode.swift; path = LocationSettings.swift; sourceTree = "<group>"; };
		22B0C19D2730847644F7BD62 /* CustomAlarmSoundSelectionView.swift */ = {isa = PBXFileReference; lastKnownFileType = sourcecode.swift; path = CustomAlarmSoundSelectionView.swift; sourceTree = "<group>"; };
		258D8B32AA67F863444F5AB8 /* Localizable.xcstrings */ = {isa = PBXFileReference; lastKnownFileType = text.json.xcstrings; path = Localizable.xcstrings; sourceTree = "<group>"; };
		27B50A17D1FDF7ACCFAA8B6C /* AdhanAppTests.xctest */ = {isa = PBXFileReference; explicitFileType = wrapper.cfbundle; includeInIndex = 0; path = AdhanAppTests.xctest; sourceTree = BUILT_PRODUCTS_DIR; };
		28D5F1A3696EADC131B2A06B /* Assets.xcassets */ = {isa = PBXFileReference; lastKnownFileType = folder.assetcatalog; path = Assets.xcassets; sourceTree = "<group>"; };
		2AA3423700813829C8A403F7 /* TestView.swift */ = {isa = PBXFileReference; lastKnownFileType = sourcecode.swift; path = TestView.swift; sourceTree = "<group>"; };
		2FE2561F73C12D3F5688C7B4 /* AdhanAudioSelectionView.swift */ = {isa = PBXFileReference; lastKnownFileType = sourcecode.swift; path = AdhanAudioSelectionView.swift; sourceTree = "<group>"; };
		331993B85EDD1C1AA8EA1CA8 /* LanguageManager.swift */ = {isa = PBXFileReference; lastKnownFileType = sourcecode.swift; path = LanguageManager.swift; sourceTree = "<group>"; };
		3BCC5F38A7A0B6C53346BA7D /* AdhanAlarmAttributes.swift */ = {isa = PBXFileReference; lastKnownFileType = sourcecode.swift; path = AdhanAlarmAttributes.swift; sourceTree = "<group>"; };

		3FBC88F3C32B1765563F3806 /* QiblaViewModel.swift */ = {isa = PBXFileReference; lastKnownFileType = sourcecode.swift; path = QiblaViewModel.swift; sourceTree = "<group>"; };
		407BC349F59799DE6DAF45F5 /* DownloadProgressButton.swift */ = {isa = PBXFileReference; lastKnownFileType = sourcecode.swift; path = DownloadProgressButton.swift; sourceTree = "<group>"; };
		4262DFC37B01B6765C07659D /* AdhanWidgets.appex */ = {isa = PBXFileReference; explicitFileType = "wrapper.app-extension"; includeInIndex = 0; path = AdhanWidgets.appex; sourceTree = BUILT_PRODUCTS_DIR; };
		4C71623B4DE8036E0A637A27 /* PrayerCalculationService.swift */ = {isa = PBXFileReference; lastKnownFileType = sourcecode.swift; path = PrayerCalculationService.swift; sourceTree = "<group>"; };
		53968A960277545F61AC1D7B /* AppIcon.icon */ = {isa = PBXFileReference; lastKnownFileType = folder.iconcomposer.icon; path = AppIcon.icon; sourceTree = "<group>"; };
		59679D2A29CBC5E5F4214ED7 /* Assets.xcassets */ = {isa = PBXFileReference; lastKnownFileType = folder.assetcatalog; path = Assets.xcassets; sourceTree = "<group>"; };
		59E44D709E82342D34CE46F0 /* CustomAlarmDetailView.swift */ = {isa = PBXFileReference; lastKnownFileType = sourcecode.swift; path = CustomAlarmDetailView.swift; sourceTree = "<group>"; };
		5A59A57E924F4811B02FE447 /* HomeView.swift */ = {isa = PBXFileReference; lastKnownFileType = sourcecode.swift; path = HomeView.swift; sourceTree = "<group>"; };
		5EECB229A2224CF25B692062 /* HijriDateService.swift */ = {isa = PBXFileReference; lastKnownFileType = sourcecode.swift; path = HijriDateService.swift; sourceTree = "<group>"; };
		5F02E914992E012303CDBE69 /* PrayerDetailView.swift */ = {isa = PBXFileReference; lastKnownFileType = sourcecode.swift; path = PrayerDetailView.swift; sourceTree = "<group>"; };
		67865DF5B8E9C978818743AA /* AdhanApp.entitlements */ = {isa = PBXFileReference; lastKnownFileType = text.plist.entitlements; path = AdhanApp.entitlements; sourceTree = "<group>"; };
		69C6BA7CE2DD85E28133A7B5 /* NotificationScheduler.swift */ = {isa = PBXFileReference; lastKnownFileType = sourcecode.swift; path = NotificationScheduler.swift; sourceTree = "<group>"; };
		7599B0628E2E92E1A4DF20E6 /* SyncManager.swift */ = {isa = PBXFileReference; lastKnownFileType = sourcecode.swift; path = SyncManager.swift; sourceTree = "<group>"; };
		75BFA6A7A7B0717F00925D0F /* AdhanAppTests.swift */ = {isa = PBXFileReference; lastKnownFileType = sourcecode.swift; path = AdhanAppTests.swift; sourceTree = "<group>"; };
		8194E8F3776D50FC3A70B4A2 /* RamadanBanner.swift */ = {isa = PBXFileReference; lastKnownFileType = sourcecode.swift; path = RamadanBanner.swift; sourceTree = "<group>"; };
		8B7844EECE7D69EF9C27DB71 /* PrayerTimeEntry.swift */ = {isa = PBXFileReference; lastKnownFileType = sourcecode.swift; path = PrayerTimeEntry.swift; sourceTree = "<group>"; };
		90DBCCEDEE4D24C88D4B53BB /* OnboardingView.swift */ = {isa = PBXFileReference; lastKnownFileType = sourcecode.swift; path = OnboardingView.swift; sourceTree = "<group>"; };
		949491B1C76EC56E3C3AE93A /* InfoPlist.xcstrings */ = {isa = PBXFileReference; lastKnownFileType = text.json.xcstrings; path = InfoPlist.xcstrings; sourceTree = "<group>"; };
		996FE4AFDBDA4BC035AC0815 /* AdhanAudioDownloadManager.swift */ = {isa = PBXFileReference; lastKnownFileType = sourcecode.swift; path = AdhanAudioDownloadManager.swift; sourceTree = "<group>"; };
		998C13B40966B1F1D7E5A657 /* UserPreferences.swift */ = {isa = PBXFileReference; lastKnownFileType = sourcecode.swift; path = UserPreferences.swift; sourceTree = "<group>"; };
		9A43415A2AEE8127C9947D6B /* AdhanWidgetsBundle.swift */ = {isa = PBXFileReference; lastKnownFileType = sourcecode.swift; path = AdhanWidgetsBundle.swift; sourceTree = "<group>"; };
		A5317978492FF0BF787E9508 /* TimeOfDayBackground.swift */ = {isa = PBXFileReference; lastKnownFileType = sourcecode.swift; path = TimeOfDayBackground.swift; sourceTree = "<group>"; };
		AEF8F8F171C8ED9654BFC5E4 /* MainTabView.swift */ = {isa = PBXFileReference; lastKnownFileType = sourcecode.swift; path = MainTabView.swift; sourceTree = "<group>"; };
		B418092ED3E3003E65974D05 /* Info.plist */ = {isa = PBXFileReference; lastKnownFileType = text.plist; path = Info.plist; sourceTree = "<group>"; };
		B5F77D78FA3060412FC7C158 /* GeofenceMonitorService.swift */ = {isa = PBXFileReference; lastKnownFileType = sourcecode.swift; path = GeofenceMonitorService.swift; sourceTree = "<group>"; };
		B7FBEF5CCF94FDA6F126C0CA /* CustomAlarm.swift */ = {isa = PBXFileReference; lastKnownFileType = sourcecode.swift; path = CustomAlarm.swift; sourceTree = "<group>"; };
		C234017519098BF3768F8275 /* Adhan alarm app.app */ = {isa = PBXFileReference; explicitFileType = wrapper.application; includeInIndex = 0; path = "Adhan alarm app.app"; sourceTree = BUILT_PRODUCTS_DIR; };
		C3D7E52640933BFFFE985213 /* CalculationMethodInfo.swift */ = {isa = PBXFileReference; lastKnownFileType = sourcecode.swift; path = CalculationMethodInfo.swift; sourceTree = "<group>"; };
		C4D86924B5F26EE0B85BE2A7 /* Localizable.xcstrings */ = {isa = PBXFileReference; lastKnownFileType = text.json.xcstrings; path = Localizable.xcstrings; sourceTree = "<group>"; };
		CB49AA047585E81149EEE2D5 /* ModeRow.swift */ = {isa = PBXFileReference; lastKnownFileType = sourcecode.swift; path = ModeRow.swift; sourceTree = "<group>"; };
		CC7B3F41DDEE129AABBFF8E6 /* RamadanDetectionService.swift */ = {isa = PBXFileReference; lastKnownFileType = sourcecode.swift; path = RamadanDetectionService.swift; sourceTree = "<group>"; };
		CFFBADFA6A7C46A434D9701F /* SharedDataManager.swift */ = {isa = PBXFileReference; lastKnownFileType = sourcecode.swift; path = SharedDataManager.swift; sourceTree = "<group>"; };
		DBE50F722F7FFA16007B3C16 /* GoogleService-Info.plist */ = {isa = PBXFileReference; lastKnownFileType = text.plist.xml; path = "GoogleService-Info.plist"; sourceTree = "<group>"; };
		DBE50F752F7FFBB5007B3C16 /* AppLogger.swift */ = {isa = PBXFileReference; lastKnownFileType = sourcecode.swift; path = AppLogger.swift; sourceTree = "<group>"; };
		E5EA650E7B60A519EA577FA9 /* AdhanWidgets.entitlements */ = {isa = PBXFileReference; lastKnownFileType = text.plist.entitlements; path = AdhanWidgets.entitlements; sourceTree = "<group>"; };
		E6F428D792497229FB8FDC77 /* AdhanAudio.swift */ = {isa = PBXFileReference; lastKnownFileType = sourcecode.swift; path = AdhanAudio.swift; sourceTree = "<group>"; };
		EB3B9FA14F4E72FD863E85F2 /* BackgroundTaskService.swift */ = {isa = PBXFileReference; lastKnownFileType = sourcecode.swift; path = BackgroundTaskService.swift; sourceTree = "<group>"; };
		EEDB0840ACF0AC1ECD5E2275 /* AlarmManager.swift */ = {isa = PBXFileReference; lastKnownFileType = sourcecode.swift; path = AlarmManager.swift; sourceTree = "<group>"; };
		FE7C4BAF4C76CCC5B8A60413 /* LocationManager.swift */ = {isa = PBXFileReference; lastKnownFileType = sourcecode.swift; path = LocationManager.swift; sourceTree = "<group>"; };
		FFB03ED0239083C36E5E3CF6 /* Info.plist */ = {isa = PBXFileReference; lastKnownFileType = text.plist; path = Info.plist; sourceTree = "<group>"; };
/* End PBXFileReference section */

/* Begin PBXFrameworksBuildPhase section */
		06676FBBDE44CBCFB7B90B9D /* Frameworks */ = {
			isa = PBXFrameworksBuildPhase;
			buildActionMask = 2147483647;
			files = (
				8D9CE0C5CA7F2BA12A3055AB /* Adhan in Frameworks */,
			);
			runOnlyForDeploymentPostprocessing = 0;
		};
		C357DBF96DE41DF0AB8F9D61 /* Frameworks */ = {
			isa = PBXFrameworksBuildPhase;
			buildActionMask = 2147483647;
			files = (
				DBE50F6D2F7FF68D007B3C16 /* FirebaseAnalytics in Frameworks */,
				DBE50F712F7FF68D007B3C16 /* FirebaseCrashlytics in Frameworks */,
				DBE50F6F2F7FF68D007B3C16 /* FirebaseCore in Frameworks */,
				545872A387F6573BCB177D5B /* Adhan in Frameworks */,
			);
			runOnlyForDeploymentPostprocessing = 0;
		};
/* End PBXFrameworksBuildPhase section */

/* Begin PBXGroup section */
		00942DACC36A5776F6AD0512 /* AdhanAppTests */ = {
			isa = PBXGroup;
			children = (
				75BFA6A7A7B0717F00925D0F /* AdhanAppTests.swift */,
			);
			path = AdhanAppTests;
			sourceTree = "<group>";
		};
		1547099730C60627F3D7EC5C /* Alarm */ = {
			isa = PBXGroup;
			children = (
				59E44D709E82342D34CE46F0 /* CustomAlarmDetailView.swift */,
				22B0C19D2730847644F7BD62 /* CustomAlarmSoundSelectionView.swift */,
			);
			path = Alarm;
			sourceTree = "<group>";
		};
		15BA13F66EF929A6153ABF61 /* AdhanAppUITests */ = {
			isa = PBXGroup;
			children = (
				0C2F8F2C604452C4DA660A56 /* AdhanAppUITests.swift */,
			);
			path = AdhanAppUITests;
			sourceTree = "<group>";
		};
		20FB1934B420504F126B97A3 /* AdhanApp */ = {
			isa = PBXGroup;
			children = (
				236345397BBCF0CEF329BC0C /* App */,
				F6392E624896E3AA2E0849C5 /* Models */,
				413975E724ECBA0B0493523A /* Resources */,
				A49673346CC3629D3C83CDE7 /* Services */,
				23066BFFC4A37385A1EB4FAC /* Utilities */,
				5172B3C23F2BE3C7E77C2379 /* ViewModels */,
				39DA61B3D436B72888B85D13 /* Views */,
				67865DF5B8E9C978818743AA /* AdhanApp.entitlements */,
				FFB03ED0239083C36E5E3CF6 /* Info.plist */,
			);
			path = AdhanApp;
			sourceTree = "<group>";
		};
		23066BFFC4A37385A1EB4FAC /* Utilities */ = {
			isa = PBXGroup;
			children = (
				DBE50F752F7FFBB5007B3C16 /* AppLogger.swift */,
				121298217F8A6F74B7D203DC /* Constants.swift */,
				331993B85EDD1C1AA8EA1CA8 /* LanguageManager.swift */,
				CFFBADFA6A7C46A434D9701F /* SharedDataManager.swift */,
			);
			path = Utilities;
			sourceTree = "<group>";
		};
		236345397BBCF0CEF329BC0C /* App */ = {
			isa = PBXGroup;
			children = (
				131F68871A87011055ADE7E3 /* AdhanApp.swift */,
			);
			path = App;
			sourceTree = "<group>";
		};
		39DA61B3D436B72888B85D13 /* Views */ = {
			isa = PBXGroup;
			children = (
				1547099730C60627F3D7EC5C /* Alarm */,
				971691EEA44E5E8D83B51266 /* Components */,
				5FCDA11D5105F82C8D861027 /* Home */,
				F5EABF813324B46A73A2C43F /* Onboarding */,
				BAFF87510FA7362A217530E5 /* Prayer */,
				6572107ECB643094DCDE5288 /* Qibla */,
				BBCF90B9D81E93614E5D149B /* Settings */,
				FB6E5EB033B6A4C3523DEB5F /* Test */,
				AEF8F8F171C8ED9654BFC5E4 /* MainTabView.swift */,
			);
			path = Views;
			sourceTree = "<group>";
		};
		413975E724ECBA0B0493523A /* Resources */ = {
			isa = PBXGroup;
			children = (
				28D5F1A3696EADC131B2A06B /* Assets.xcassets */,
				949491B1C76EC56E3C3AE93A /* InfoPlist.xcstrings */,
				C4D86924B5F26EE0B85BE2A7 /* Localizable.xcstrings */,
			);
			path = Resources;
			sourceTree = "<group>";
		};
		5172B3C23F2BE3C7E77C2379 /* ViewModels */ = {
			isa = PBXGroup;
			children = (
				EEDB0840ACF0AC1ECD5E2275 /* AlarmManager.swift */,
				FE7C4BAF4C76CCC5B8A60413 /* LocationManager.swift */,
				69C6BA7CE2DD85E28133A7B5 /* NotificationScheduler.swift */,
				1932D99F1773D9E6FCAE34F6 /* PrayerTimesViewModel.swift */,
				3FBC88F3C32B1765563F3806 /* QiblaViewModel.swift */,
			);
			path = ViewModels;
			sourceTree = "<group>";
		};
		5FCDA11D5105F82C8D861027 /* Home */ = {
			isa = PBXGroup;
			children = (
				5A59A57E924F4811B02FE447 /* HomeView.swift */,
				8194E8F3776D50FC3A70B4A2 /* RamadanBanner.swift */,
				A5317978492FF0BF787E9508 /* TimeOfDayBackground.swift */,
			);
			path = Home;
			sourceTree = "<group>";
		};
		6572107ECB643094DCDE5288 /* Qibla */ = {
			isa = PBXGroup;
			children = (
				0186A987E4C45233F2F97A7D /* QiblaView.swift */,
			);
			path = Qibla;
			sourceTree = "<group>";
		};
		971691EEA44E5E8D83B51266 /* Components */ = {
			isa = PBXGroup;
			children = (
				407BC349F59799DE6DAF45F5 /* DownloadProgressButton.swift */,
				0AA7FC06DD49E520BC3C9B80 /* GlassCard.swift */,
				CB49AA047585E81149EEE2D5 /* ModeRow.swift */,
			);
			path = Components;
			sourceTree = "<group>";
		};
		998428FD0BB7AFB170604F94 = {
			isa = PBXGroup;
			children = (
				DBE50F722F7FFA16007B3C16 /* GoogleService-Info.plist */,
				20FB1934B420504F126B97A3 /* AdhanApp */,
				00942DACC36A5776F6AD0512 /* AdhanAppTests */,
				15BA13F66EF929A6153ABF61 /* AdhanAppUITests */,
				DBCBBC0549533EF63166F181 /* AdhanWidgets */,
				53968A960277545F61AC1D7B /* AppIcon.icon */,
				C2D3D4E3C27FE555D5DD1A4A /* Products */,
			);
			sourceTree = "<group>";
		};
		A49673346CC3629D3C83CDE7 /* Services */ = {
			isa = PBXGroup;
			children = (
				996FE4AFDBDA4BC035AC0815 /* AdhanAudioDownloadManager.swift */,
				EB3B9FA14F4E72FD863E85F2 /* BackgroundTaskService.swift */,
				B5F77D78FA3060412FC7C158 /* GeofenceMonitorService.swift */,
				5EECB229A2224CF25B692062 /* HijriDateService.swift */,
				4C71623B4DE8036E0A637A27 /* PrayerCalculationService.swift */,
				CC7B3F41DDEE129AABBFF8E6 /* RamadanDetectionService.swift */,
				7599B0628E2E92E1A4DF20E6 /* SyncManager.swift */,
			);
			path = Services;
			sourceTree = "<group>";
		};
		BAFF87510FA7362A217530E5 /* Prayer */ = {
			isa = PBXGroup;
			children = (
				2FE2561F73C12D3F5688C7B4 /* AdhanAudioSelectionView.swift */,
				5F02E914992E012303CDBE69 /* PrayerDetailView.swift */,
			);
			path = Prayer;
			sourceTree = "<group>";
		};
		BBCF90B9D81E93614E5D149B /* Settings */ = {
			isa = PBXGroup;
			children = (
				1CFC7FC7F263BB65AA16DA82 /* LocationSettings.swift */,
				1573829B5F1072680EB085FF /* SettingsView.swift */,
			);
			path = Settings;
			sourceTree = "<group>";
		};
		C2D3D4E3C27FE555D5DD1A4A /* Products */ = {
			isa = PBXGroup;
			children = (
				C234017519098BF3768F8275 /* Adhan alarm app.app */,
				27B50A17D1FDF7ACCFAA8B6C /* AdhanAppTests.xctest */,
				01081C1118D3781A5DFFE5C1 /* AdhanAppUITests.xctest */,
				4262DFC37B01B6765C07659D /* AdhanWidgets.appex */,
			);
			name = Products;
			sourceTree = "<group>";
		};
		DBCBBC0549533EF63166F181 /* AdhanWidgets */ = {
			isa = PBXGroup;
			children = (
				EC2B8CE9EB1DCB5386E358D6 /* Resources */,
				E5EA650E7B60A519EA577FA9 /* AdhanWidgets.entitlements */,
				9A43415A2AEE8127C9947D6B /* AdhanWidgetsBundle.swift */,
				B418092ED3E3003E65974D05 /* Info.plist */,
			);
			path = AdhanWidgets;
			sourceTree = "<group>";
		};
		EC2B8CE9EB1DCB5386E358D6 /* Resources */ = {
			isa = PBXGroup;
			children = (
				59679D2A29CBC5E5F4214ED7 /* Assets.xcassets */,
				258D8B32AA67F863444F5AB8 /* Localizable.xcstrings */,
			);
			path = Resources;
			sourceTree = "<group>";
		};
		F5EABF813324B46A73A2C43F /* Onboarding */ = {
			isa = PBXGroup;
			children = (
				90DBCCEDEE4D24C88D4B53BB /* OnboardingView.swift */,
			);
			path = Onboarding;
			sourceTree = "<group>";
		};
		F6392E624896E3AA2E0849C5 /* Models */ = {
			isa = PBXGroup;
			children = (
				3BCC5F38A7A0B6C53346BA7D /* AdhanAlarmAttributes.swift */,
				E6F428D792497229FB8FDC77 /* AdhanAudio.swift */,
				EE55FF66001122BB33CC4455 /* CancelSnoozeIntent.swift */,
				C3D7E52640933BFFFE985213 /* CalculationMethodInfo.swift */,
				B7FBEF5CCF94FDA6F126C0CA /* CustomAlarm.swift */,
				8B7844EECE7D69EF9C27DB71 /* PrayerTimeEntry.swift */,
				998C13B40966B1F1D7E5A657 /* UserPreferences.swift */,
			);
			path = Models;
			sourceTree = "<group>";
		};
		FB6E5EB033B6A4C3523DEB5F /* Test */ = {
			isa = PBXGroup;
			children = (
				2AA3423700813829C8A403F7 /* TestView.swift */,
			);
			path = Test;
			sourceTree = "<group>";
		};
/* End PBXGroup section */

/* Begin PBXNativeTarget section */
		8A9BC066CCDB96DD372C9FA2 /* AdhanWidgets */ = {
			isa = PBXNativeTarget;
			buildConfigurationList = 50B1B4688567FCB58C204D61 /* Build configuration list for PBXNativeTarget "AdhanWidgets" */;
			buildPhases = (
				85CE142AA68941C8F415D734 /* Sources */,
				E3F0C5661068BB427891CB41 /* Resources */,
				06676FBBDE44CBCFB7B90B9D /* Frameworks */,
			);
			buildRules = (
			);
			dependencies = (
			);
			name = AdhanWidgets;
			packageProductDependencies = (
				17B10984E3CFD148FC4F329F /* Adhan */,
			);
			productName = AdhanWidgets;
			productReference = 4262DFC37B01B6765C07659D /* AdhanWidgets.appex */;
			productType = "com.apple.product-type.app-extension";
		};
		AF52495C10105E524E948F68 /* AdhanAppTests */ = {
			isa = PBXNativeTarget;
			buildConfigurationList = 392FD0F032F37C79B4A964C9 /* Build configuration list for PBXNativeTarget "AdhanAppTests" */;
			buildPhases = (
				1225161B0C2165BFE9AE9E2F /* Sources */,
			);
			buildRules = (
			);
			dependencies = (
				B4F17ED2E66371BA5E45179F /* PBXTargetDependency */,
			);
			name = AdhanAppTests;
			packageProductDependencies = (
			);
			productName = AdhanAppTests;
			productReference = 27B50A17D1FDF7ACCFAA8B6C /* AdhanAppTests.xctest */;
			productType = "com.apple.product-type.bundle.unit-test";
		};
		B578D3D7DFE16A4E33C781DE /* AdhanApp */ = {
			isa = PBXNativeTarget;
			buildConfigurationList = FE1CA800EA99297BA087F0B1 /* Build configuration list for PBXNativeTarget "AdhanApp" */;
			buildPhases = (
				6D92FAD287FAA3F6628ABCF4 /* Sources */,
				D325872513FA592B12FFC31F /* Resources */,
				C357DBF96DE41DF0AB8F9D61 /* Frameworks */,
				DEDAA65DA4B4D2E0DDA97586 /* Embed Foundation Extensions */,
				DBE50F742F7FFA5E007B3C16 /* Run Script */,
			);
			buildRules = (
			);
			dependencies = (
				AD79938AA49EBEFEDBA80CE2 /* PBXTargetDependency */,
			);
			name = AdhanApp;
			packageProductDependencies = (
				C02E3492A3D2E5D4FB1DC959 /* Adhan */,
				DBE50F6C2F7FF68D007B3C16 /* FirebaseAnalytics */,
				DBE50F6E2F7FF68D007B3C16 /* FirebaseCore */,
				DBE50F702F7FF68D007B3C16 /* FirebaseCrashlytics */,
			);
			productName = AdhanApp;
			productReference = C234017519098BF3768F8275 /* Adhan alarm app.app */;
			productType = "com.apple.product-type.application";
		};
		EDB5C1B89CCDF3A9C2DFC25C /* AdhanAppUITests */ = {
			isa = PBXNativeTarget;
			buildConfigurationList = 8BF3D2792A18633857D41ACB /* Build configuration list for PBXNativeTarget "AdhanAppUITests" */;
			buildPhases = (
				49D4D4A12D85BAA7FDEB3182 /* Sources */,
			);
			buildRules = (
			);
			dependencies = (
				96D13C8E2116745022C33E67 /* PBXTargetDependency */,
			);
			name = AdhanAppUITests;
			packageProductDependencies = (
			);
			productName = AdhanAppUITests;
			productReference = 01081C1118D3781A5DFFE5C1 /* AdhanAppUITests.xctest */;
			productType = "com.apple.product-type.bundle.ui-testing";
		};
/* End PBXNativeTarget section */

/* Begin PBXProject section */
		0BCCF68E80CFAAAA340D6A8E /* Project object */ = {
			isa = PBXProject;
			attributes = {
				BuildIndependentTargetsInParallel = YES;
				LastUpgradeCheck = 2630;
				TargetAttributes = {
					8A9BC066CCDB96DD372C9FA2 = {
						ProvisioningStyle = Automatic;
					};
					AF52495C10105E524E948F68 = {
						ProvisioningStyle = Automatic;
					};
					EDB5C1B89CCDF3A9C2DFC25C = {
						ProvisioningStyle = Automatic;
						TestTargetID = B578D3D7DFE16A4E33C781DE;
					};
				};
			};
			buildConfigurationList = 8599613378EF293E70893149 /* Build configuration list for PBXProject "AdhanApp" */;
			compatibilityVersion = "Xcode 14.0";
			developmentRegion = en;
			hasScannedForEncodings = 0;
			knownRegions = (
				Base,
				ar,
				en,
				id,
				tr,
			);
			mainGroup = 998428FD0BB7AFB170604F94;
			minimizedProjectReferenceProxies = 1;
			packageReferences = (
				6B9E4EF75D269AB357D070B3 /* XCRemoteSwiftPackageReference "adhan-swift" */,
				DBE50F6B2F7FF68D007B3C16 /* XCRemoteSwiftPackageReference "firebase-ios-sdk" */,
			);
			projectDirPath = "";
			projectRoot = "";
			targets = (
				B578D3D7DFE16A4E33C781DE /* AdhanApp */,
				AF52495C10105E524E948F68 /* AdhanAppTests */,
				EDB5C1B89CCDF3A9C2DFC25C /* AdhanAppUITests */,
				8A9BC066CCDB96DD372C9FA2 /* AdhanWidgets */,
			);
		};
/* End PBXProject section */

/* Begin PBXResourcesBuildPhase section */
		D325872513FA592B12FFC31F /* Resources */ = {
			isa = PBXResourcesBuildPhase;
			buildActionMask = 2147483647;
			files = (
				A472A548F63FB8417EA2D1EB /* AppIcon.icon in Resources */,
				264D0EDB778A248CD554F889 /* Assets.xcassets in Resources */,
				DBE50F732F7FFA16007B3C16 /* GoogleService-Info.plist in Resources */,
				381679F9856CDC2F7CB625BB /* InfoPlist.xcstrings in Resources */,
				3F541F4219E39869A8652076 /* Localizable.xcstrings in Resources */,
			);
			runOnlyForDeploymentPostprocessing = 0;
		};
		E3F0C5661068BB427891CB41 /* Resources */ = {
			isa = PBXResourcesBuildPhase;
			buildActionMask = 2147483647;
			files = (
				AF4D38C1CD6594D9E491350A /* Assets.xcassets in Resources */,
				341C3300EA2883D6A389034C /* Localizable.xcstrings in Resources */,
			);
			runOnlyForDeploymentPostprocessing = 0;
		};
/* End PBXResourcesBuildPhase section */

/* Begin PBXShellScriptBuildPhase section */
		DBE50F742F7FFA5E007B3C16 /* Run Script */ = {
			isa = PBXShellScriptBuildPhase;
			buildActionMask = 2147483647;
			files = (
			);
			inputFileListPaths = (
			);
			inputPaths = (
				"${DWARF_DSYM_FOLDER_PATH}/${DWARF_DSYM_FILE_NAME}",
				"$(DWARF_DSYM_FOLDER_PATH)/$(DWARF_DSYM_FILE_NAME)/Contents/Resources/DWARF/$(PRODUCT_NAME)",
				"$(DWARF_DSYM_FOLDER_PATH)/$(DWARF_DSYM_FILE_NAME)/Contents/Info.plist",
				"$(TARGET_BUILD_DIR)/$(INFOPLIST_PATH)",
				"$(SRCROOT)/AdhanApp/GoogleService-Info.plist",
			);
			name = "Run Script";
			outputFileListPaths = (
			);
			outputPaths = (
			);
			runOnlyForDeploymentPostprocessing = 0;
			shellPath = /bin/sh;
			shellScript = "# Type a script or drag a script file from your workspace to insert its path.\n\"${BUILD_DIR%/Build/*}/SourcePackages/checkouts/firebase-ios-sdk/Crashlytics/upload-symbols\" -gsp \"${SRCROOT}/AdhanApp/GoogleService-Info.plist\" -p ios \"${DWARF_DSYM_FOLDER_PATH}/${DWARF_DSYM_FILE_NAME}\"\n";
		};
/* End PBXShellScriptBuildPhase section */

/* Begin PBXSourcesBuildPhase section */
		1225161B0C2165BFE9AE9E2F /* Sources */ = {
			isa = PBXSourcesBuildPhase;
			buildActionMask = 2147483647;
			files = (
				BE5155456596EBCC1FC2D896 /* AdhanAppTests.swift in Sources */,
			);
			runOnlyForDeploymentPostprocessing = 0;
		};
		49D4D4A12D85BAA7FDEB3182 /* Sources */ = {
			isa = PBXSourcesBuildPhase;
			buildActionMask = 2147483647;
			files = (
				16AA664AC3C2D9B0171867B7 /* AdhanAppUITests.swift in Sources */,
			);
			runOnlyForDeploymentPostprocessing = 0;
		};
		6D92FAD287FAA3F6628ABCF4 /* Sources */ = {
			isa = PBXSourcesBuildPhase;
			buildActionMask = 2147483647;
			files = (
				9E836436F02462BB160D3480 /* AdhanAlarmAttributes.swift in Sources */,
				7927EAB1EC99A857EF1D7493 /* AdhanApp.swift in Sources */,
				E0A91FCDBDEA0DFF21E1E1D4 /* AdhanAudio.swift in Sources */,
				DBE50F762F7FFBB5007B3C16 /* AppLogger.swift in Sources */,
				B412CC15900B8D46692A8F0A /* AdhanAudioDownloadManager.swift in Sources */,
				591819A5E7CA4E53CA939008 /* AdhanAudioSelectionView.swift in Sources */,
				F3115AF86C7131C014811BF0 /* AlarmManager.swift in Sources */,
				1577832C5B1F75113910182E /* BackgroundTaskService.swift in Sources */,
				04053086FD774A8E15FE3FD4 /* CalculationMethodInfo.swift in Sources */,
				ACA1ED7B263089DF9604B509 /* Constants.swift in Sources */,
				F8FF4F4D48282C9CBC7E409A /* CustomAlarm.swift in Sources */,
				0E7364D769D692C1BD4EE329 /* CustomAlarmDetailView.swift in Sources */,
				9EDD775AF0FF861CE007A819 /* CustomAlarmSoundSelectionView.swift in Sources */,
				2CAB214458B535365ADD1714 /* DownloadProgressButton.swift in Sources */,
				00FCC178857A228DF1774ED7 /* GeofenceMonitorService.swift in Sources */,
				C0C9E5CA97C14F3188145520 /* GlassCard.swift in Sources */,
				44B18EA71052460070DCB844 /* HijriDateService.swift in Sources */,
				7D24534F388F9EA21177DADF /* HomeView.swift in Sources */,
				74E797AA5D777F599C53B25F /* LanguageManager.swift in Sources */,
				0435AF9116C6455B29C0A3F9 /* LocationManager.swift in Sources */,
				ED1E16323F3B111820A2ED1B /* LocationSettings.swift in Sources */,
				AF1E3C3D74A8D3E8264F80AD /* MainTabView.swift in Sources */,
				1FC2E56ADCD3C5825559D7E8 /* ModeRow.swift in Sources */,
				0512F6C60232A1C30E854BEB /* NotificationScheduler.swift in Sources */,
				A1AE10AD46A5FDC32B15E2C8 /* OnboardingView.swift in Sources */,
				2D6830AAA3AFDABF77C0AD47 /* PrayerCalculationService.swift in Sources */,
				70AA54EEB73DAA41F77AEA80 /* PrayerDetailView.swift in Sources */,
				0D82A4CC5017FB5EBE4ABE01 /* PrayerTimeEntry.swift in Sources */,
				A3EECA01873A9EB4B272E85F /* PrayerTimesViewModel.swift in Sources */,
				B7441EFC229FECC77C4AD17C /* QiblaView.swift in Sources */,
				F7991B7A5F1B21DF9502B5D8 /* QiblaViewModel.swift in Sources */,
				BD9B8CD656D5FF4687E6D496 /* RamadanBanner.swift in Sources */,
				2088F8CA1E2269AE4FE99E44 /* RamadanDetectionService.swift in Sources */,
				C4F552F58B62EAD8041EB0A0 /* SettingsView.swift in Sources */,
				A5DA4A6A1BEB86858F3FD490 /* SharedDataManager.swift in Sources */,
				FF660011223344556677AABB /* CancelSnoozeIntent.swift in Sources */,
				6B89B5A64BD2281ED321354B /* SyncManager.swift in Sources */,
				7BD900964F8DCE0AB368CE8A /* TestView.swift in Sources */,
				E9ED2B76756FAE3C78A4E1AE /* TimeOfDayBackground.swift in Sources */,
				A17EB2359A4F49B08EA3DC3E /* UserPreferences.swift in Sources */,
			);
			runOnlyForDeploymentPostprocessing = 0;
		};
		85CE142AA68941C8F415D734 /* Sources */ = {
			isa = PBXSourcesBuildPhase;
			buildActionMask = 2147483647;
			files = (
				DD44EE55FF66001122BB33CC /* AdhanAlarmAttributes.swift in Sources */,
				5E96A61D4DBB21FE2F594255 /* AdhanWidgetsBundle.swift in Sources */,
				0011223344556677AABBCCDD /* CancelSnoozeIntent.swift in Sources */,
			);
			runOnlyForDeploymentPostprocessing = 0;
		};
/* End PBXSourcesBuildPhase section */

/* Begin PBXTargetDependency section */
		96D13C8E2116745022C33E67 /* PBXTargetDependency */ = {
			isa = PBXTargetDependency;
			target = B578D3D7DFE16A4E33C781DE /* AdhanApp */;
			targetProxy = 4D3DC19557CBBF898E0F8DB0 /* PBXContainerItemProxy */;
		};
		AD79938AA49EBEFEDBA80CE2 /* PBXTargetDependency */ = {
			isa = PBXTargetDependency;
			target = 8A9BC066CCDB96DD372C9FA2 /* AdhanWidgets */;
			targetProxy = 941397A2B873FEAA645E8041 /* PBXContainerItemProxy */;
		};
		B4F17ED2E66371BA5E45179F /* PBXTargetDependency */ = {
			isa = PBXTargetDependency;
			target = B578D3D7DFE16A4E33C781DE /* AdhanApp */;
			targetProxy = EDD384C1DA2566A3EF7371EE /* PBXContainerItemProxy */;
		};
/* End PBXTargetDependency section */

/* Begin XCBuildConfiguration section */
		0B40B8A12C213BD6FD0105BC /* Debug */ = {
			isa = XCBuildConfiguration;
			buildSettings = {
				CODE_SIGN_ENTITLEMENTS = AdhanWidgets/AdhanWidgets.entitlements;
				CODE_SIGN_IDENTITY = "Apple Development";
				CODE_SIGN_STYLE = Automatic;
				CURRENT_PROJECT_VERSION = 1;
				DEVELOPMENT_TEAM = 5SMQ9QJ75S;
				GENERATE_INFOPLIST_FILE = NO;
				INFOPLIST_FILE = AdhanWidgets/Info.plist;
				IPHONEOS_DEPLOYMENT_TARGET = 18.0;
				LD_RUNPATH_SEARCH_PATHS = (
					"$(inherited)",
					"@executable_path/Frameworks",
					"@executable_path/../../Frameworks",
				);
				MARKETING_VERSION = 1.0.0;
				PRODUCT_BUNDLE_IDENTIFIER = com.shariq.adhanapp.widgets;
				PRODUCT_NAME = AdhanWidgets;
				SDKROOT = iphoneos;
				TARGETED_DEVICE_FAMILY = "1,2";
			};
			name = Debug;
		};
		3763034DD16AED9D543881FA /* Release */ = {
			isa = XCBuildConfiguration;
			buildSettings = {
				CODE_SIGN_ENTITLEMENTS = AdhanWidgets/AdhanWidgets.entitlements;
				CODE_SIGN_IDENTITY = "Apple Development";
				CODE_SIGN_STYLE = Automatic;
				CURRENT_PROJECT_VERSION = 1;
				DEVELOPMENT_TEAM = 5SMQ9QJ75S;
				GENERATE_INFOPLIST_FILE = NO;
				INFOPLIST_FILE = AdhanWidgets/Info.plist;
				IPHONEOS_DEPLOYMENT_TARGET = 18.0;
				LD_RUNPATH_SEARCH_PATHS = (
					"$(inherited)",
					"@executable_path/Frameworks",
					"@executable_path/../../Frameworks",
				);
				MARKETING_VERSION = 1.0.0;
				PRODUCT_BUNDLE_IDENTIFIER = com.shariq.adhanapp.widgets;
				PRODUCT_NAME = AdhanWidgets;
				SDKROOT = iphoneos;
				TARGETED_DEVICE_FAMILY = "1,2";
			};
			name = Release;
		};
		484EAF7B0CE8E540E9B00AEE /* Debug */ = {
			isa = XCBuildConfiguration;
			buildSettings = {
				BUNDLE_LOADER = "$(TEST_HOST)";
				DEVELOPMENT_TEAM = 5SMQ9QJ75S;
				GENERATE_INFOPLIST_FILE = YES;
				IPHONEOS_DEPLOYMENT_TARGET = 18.0;
				LD_RUNPATH_SEARCH_PATHS = (
					"$(inherited)",
					"@executable_path/Frameworks",
					"@loader_path/Frameworks",
				);
				PRODUCT_BUNDLE_IDENTIFIER = com.shariq.adhanapp;
				SDKROOT = iphoneos;
				TARGETED_DEVICE_FAMILY = "1,2";
				TEST_HOST = "$(BUILT_PRODUCTS_DIR)/Adhan alarm app.app/$(BUNDLE_EXECUTABLE_FOLDER_PATH)/Adhan alarm app";
			};
			name = Debug;
		};
		48696D2F2109DB6928D18FBC /* Debug */ = {
			isa = XCBuildConfiguration;
			buildSettings = {
				ALWAYS_SEARCH_USER_PATHS = NO;
				CLANG_ANALYZER_LOCALIZABILITY_NONLOCALIZED = YES;
				CLANG_ANALYZER_NONNULL = YES;
				CLANG_ANALYZER_NUMBER_OBJECT_CONVERSION = YES_AGGRESSIVE;
				CLANG_CXX_LANGUAGE_STANDARD = "gnu++14";
				CLANG_CXX_LIBRARY = "libc++";
				CLANG_ENABLE_MODULES = YES;
				CLANG_ENABLE_OBJC_ARC = YES;
				CLANG_ENABLE_OBJC_WEAK = YES;
				CLANG_WARN_BLOCK_CAPTURE_AUTORELEASING = YES;
				CLANG_WARN_BOOL_CONVERSION = YES;
				CLANG_WARN_COMMA = YES;
				CLANG_WARN_CONSTANT_CONVERSION = YES;
				CLANG_WARN_DEPRECATED_OBJC_IMPLEMENTATIONS = YES;
				CLANG_WARN_DIRECT_OBJC_ISA_USAGE = YES_ERROR;
				CLANG_WARN_DOCUMENTATION_COMMENTS = YES;
				CLANG_WARN_EMPTY_BODY = YES;
				CLANG_WARN_ENUM_CONVERSION = YES;
				CLANG_WARN_INFINITE_RECURSION = YES;
				CLANG_WARN_INT_CONVERSION = YES;
				CLANG_WARN_NON_LITERAL_NULL_CONVERSION = YES;
				CLANG_WARN_OBJC_IMPLICIT_RETAIN_SELF = YES;
				CLANG_WARN_OBJC_LITERAL_CONVERSION = YES;
				CLANG_WARN_OBJC_ROOT_CLASS = YES_ERROR;
				CLANG_WARN_QUOTED_INCLUDE_IN_FRAMEWORK_HEADER = YES;
				CLANG_WARN_RANGE_LOOP_ANALYSIS = YES;
				CLANG_WARN_STRICT_PROTOTYPES = YES;
				CLANG_WARN_SUSPICIOUS_MOVE = YES;
				CLANG_WARN_UNGUARDED_AVAILABILITY = YES_AGGRESSIVE;
				CLANG_WARN_UNREACHABLE_CODE = YES;
				CLANG_WARN__DUPLICATE_METHOD_MATCH = YES;
				CODE_SIGN_IDENTITY = "Apple Development";
				CODE_SIGN_STYLE = Automatic;
				COPY_PHASE_STRIP = NO;
				DEBUG_INFORMATION_FORMAT = dwarf;
				ENABLE_STRICT_OBJC_MSGSEND = YES;
				ENABLE_TESTABILITY = YES;
				ENABLE_USER_SCRIPT_SANDBOXING = YES;
				GCC_C_LANGUAGE_STANDARD = gnu11;
				GCC_DYNAMIC_NO_PIC = NO;
				GCC_NO_COMMON_BLOCKS = YES;
				GCC_OPTIMIZATION_LEVEL = 0;
				GCC_PREPROCESSOR_DEFINITIONS = (
					"$(inherited)",
					"DEBUG=1",
				);
				GCC_WARN_64_TO_32_BIT_CONVERSION = YES;
				GCC_WARN_ABOUT_RETURN_TYPE = YES_ERROR;
				GCC_WARN_UNDECLARED_SELECTOR = YES;
				GCC_WARN_UNINITIALIZED_AUTOS = YES_AGGRESSIVE;
				GCC_WARN_UNUSED_FUNCTION = YES;
				GCC_WARN_UNUSED_VARIABLE = YES;
				IPHONEOS_DEPLOYMENT_TARGET = 18.0;
				MTL_ENABLE_DEBUG_INFO = INCLUDE_SOURCE;
				MTL_FAST_MATH = YES;
				ONLY_ACTIVE_ARCH = YES;
				PRODUCT_NAME = "$(TARGET_NAME)";
				SDKROOT = iphoneos;
				STRING_CATALOG_GENERATE_SYMBOLS = YES;
				SWIFT_ACTIVE_COMPILATION_CONDITIONS = DEBUG;
				SWIFT_OPTIMIZATION_LEVEL = "-Onone";
				SWIFT_STRICT_CONCURRENCY = complete;
				SWIFT_VERSION = 6.0;
			};
			name = Debug;
		};
		5F240908F108F8F91F67C738 /* Release */ = {
			isa = XCBuildConfiguration;
			buildSettings = {
				BUNDLE_LOADER = "$(TEST_HOST)";
				DEVELOPMENT_TEAM = 5SMQ9QJ75S;
				GENERATE_INFOPLIST_FILE = YES;
				IPHONEOS_DEPLOYMENT_TARGET = 18.0;
				LD_RUNPATH_SEARCH_PATHS = (
					"$(inherited)",
					"@executable_path/Frameworks",
					"@loader_path/Frameworks",
				);
				PRODUCT_BUNDLE_IDENTIFIER = com.shariq.adhanapp;
				SDKROOT = iphoneos;
				TARGETED_DEVICE_FAMILY = "1,2";
				TEST_TARGET_NAME = AdhanApp;
			};
			name = Release;
		};
		993ED886757AA12350B6AB1D /* Debug */ = {
			isa = XCBuildConfiguration;
			buildSettings = {
				BUNDLE_LOADER = "$(TEST_HOST)";
				DEVELOPMENT_TEAM = 5SMQ9QJ75S;
				GENERATE_INFOPLIST_FILE = YES;
				IPHONEOS_DEPLOYMENT_TARGET = 18.0;
				LD_RUNPATH_SEARCH_PATHS = (
					"$(inherited)",
					"@executable_path/Frameworks",
					"@loader_path/Frameworks",
				);
				PRODUCT_BUNDLE_IDENTIFIER = com.shariq.adhanapp;
				SDKROOT = iphoneos;
				TARGETED_DEVICE_FAMILY = "1,2";
				TEST_TARGET_NAME = AdhanApp;
			};
			name = Debug;
		};
		9A954917585D03F82AEED0F1 /* Release */ = {
			isa = XCBuildConfiguration;
			buildSettings = {
				ASSETCATALOG_COMPILER_APPICON_NAME = AppIcon;
				CODE_SIGN_ENTITLEMENTS = AdhanApp/AdhanApp.entitlements;
				CODE_SIGN_IDENTITY = "Apple Development";
				CODE_SIGN_STYLE = Automatic;
				CURRENT_PROJECT_VERSION = 1;
				DEVELOPMENT_TEAM = 5SMQ9QJ75S;
				GENERATE_INFOPLIST_FILE = NO;
				INFOPLIST_FILE = AdhanApp/Info.plist;
				INFOPLIST_KEY_CFBundleDisplayName = Adhan;
				INFOPLIST_KEY_LSApplicationCategoryType = "public.app-category.utilities";
				IPHONEOS_DEPLOYMENT_TARGET = 18.0;
				LD_RUNPATH_SEARCH_PATHS = (
					"$(inherited)",
					"@executable_path/Frameworks",
				);
				MARKETING_VERSION = 1.0.0;
				PRODUCT_BUNDLE_IDENTIFIER = com.shariq.adhanapp;
				PRODUCT_NAME = "Adhan alarm app";
				PROVISIONING_PROFILE_SPECIFIER = "";
				SDKROOT = iphoneos;
				SWIFT_EMIT_LOC_STRINGS = YES;
				TARGETED_DEVICE_FAMILY = "1,2";
			};
			name = Release;
		};
		A9E6E848C607C9D0D445BB5D /* Release */ = {
			isa = XCBuildConfiguration;
			buildSettings = {
				ALWAYS_SEARCH_USER_PATHS = NO;
				CLANG_ANALYZER_LOCALIZABILITY_NONLOCALIZED = YES;
				CLANG_ANALYZER_NONNULL = YES;
				CLANG_ANALYZER_NUMBER_OBJECT_CONVERSION = YES_AGGRESSIVE;
				CLANG_CXX_LANGUAGE_STANDARD = "gnu++14";
				CLANG_CXX_LIBRARY = "libc++";
				CLANG_ENABLE_MODULES = YES;
				CLANG_ENABLE_OBJC_ARC = YES;
				CLANG_ENABLE_OBJC_WEAK = YES;
				CLANG_WARN_BLOCK_CAPTURE_AUTORELEASING = YES;
				CLANG_WARN_BOOL_CONVERSION = YES;
				CLANG_WARN_COMMA = YES;
				CLANG_WARN_CONSTANT_CONVERSION = YES;
				CLANG_WARN_DEPRECATED_OBJC_IMPLEMENTATIONS = YES;
				CLANG_WARN_DIRECT_OBJC_ISA_USAGE = YES_ERROR;
				CLANG_WARN_DOCUMENTATION_COMMENTS = YES;
				CLANG_WARN_EMPTY_BODY = YES;
				CLANG_WARN_ENUM_CONVERSION = YES;
				CLANG_WARN_INFINITE_RECURSION = YES;
				CLANG_WARN_INT_CONVERSION = YES;
				CLANG_WARN_NON_LITERAL_NULL_CONVERSION = YES;
				CLANG_WARN_OBJC_IMPLICIT_RETAIN_SELF = YES;
				CLANG_WARN_OBJC_LITERAL_CONVERSION = YES;
				CLANG_WARN_OBJC_ROOT_CLASS = YES_ERROR;
				CLANG_WARN_QUOTED_INCLUDE_IN_FRAMEWORK_HEADER = YES;
				CLANG_WARN_RANGE_LOOP_ANALYSIS = YES;
				CLANG_WARN_STRICT_PROTOTYPES = YES;
				CLANG_WARN_SUSPICIOUS_MOVE = YES;
				CLANG_WARN_UNGUARDED_AVAILABILITY = YES_AGGRESSIVE;
				CLANG_WARN_UNREACHABLE_CODE = YES;
				CLANG_WARN__DUPLICATE_METHOD_MATCH = YES;
				CODE_SIGN_IDENTITY = "Apple Development";
				CODE_SIGN_STYLE = Automatic;
				COPY_PHASE_STRIP = NO;
				DEBUG_INFORMATION_FORMAT = "dwarf-with-dsym";
				ENABLE_NS_ASSERTIONS = NO;
				ENABLE_STRICT_OBJC_MSGSEND = YES;
				ENABLE_USER_SCRIPT_SANDBOXING = YES;
				GCC_C_LANGUAGE_STANDARD = gnu11;
				GCC_NO_COMMON_BLOCKS = YES;
				GCC_WARN_64_TO_32_BIT_CONVERSION = YES;
				GCC_WARN_ABOUT_RETURN_TYPE = YES_ERROR;
				GCC_WARN_UNDECLARED_SELECTOR = YES;
				GCC_WARN_UNINITIALIZED_AUTOS = YES_AGGRESSIVE;
				GCC_WARN_UNUSED_FUNCTION = YES;
				GCC_WARN_UNUSED_VARIABLE = YES;
				IPHONEOS_DEPLOYMENT_TARGET = 18.0;
				MTL_ENABLE_DEBUG_INFO = NO;
				MTL_FAST_MATH = YES;
				PRODUCT_NAME = "$(TARGET_NAME)";
				SDKROOT = iphoneos;
				STRING_CATALOG_GENERATE_SYMBOLS = YES;
				SWIFT_COMPILATION_MODE = wholemodule;
				SWIFT_OPTIMIZATION_LEVEL = "-O";
				SWIFT_STRICT_CONCURRENCY = complete;
				SWIFT_VERSION = 6.0;
			};
			name = Release;
		};
		B73AB0894F3C9F3FFE2851F0 /* Debug */ = {
			isa = XCBuildConfiguration;
			buildSettings = {
				ASSETCATALOG_COMPILER_APPICON_NAME = AppIcon;
				CODE_SIGN_ENTITLEMENTS = AdhanApp/AdhanApp.entitlements;
				CODE_SIGN_IDENTITY = "Apple Development";
				CODE_SIGN_STYLE = Automatic;
				CURRENT_PROJECT_VERSION = 1;
				DEVELOPMENT_TEAM = 5SMQ9QJ75S;
				GENERATE_INFOPLIST_FILE = NO;
				INFOPLIST_FILE = AdhanApp/Info.plist;
				INFOPLIST_KEY_CFBundleDisplayName = Adhan;
				INFOPLIST_KEY_LSApplicationCategoryType = "public.app-category.utilities";
				IPHONEOS_DEPLOYMENT_TARGET = 18.0;
				LD_RUNPATH_SEARCH_PATHS = (
					"$(inherited)",
					"@executable_path/Frameworks",
				);
				MARKETING_VERSION = 1.0.0;
				PRODUCT_BUNDLE_IDENTIFIER = com.shariq.adhanapp;
				PRODUCT_NAME = "Adhan alarm app";
				PROVISIONING_PROFILE_SPECIFIER = "";
				SDKROOT = iphoneos;
				SWIFT_EMIT_LOC_STRINGS = YES;
				TARGETED_DEVICE_FAMILY = "1,2";
			};
			name = Debug;
		};
		B8F14AEC9DC4B4534675CF46 /* Release */ = {
			isa = XCBuildConfiguration;
			buildSettings = {
				BUNDLE_LOADER = "$(TEST_HOST)";
				DEVELOPMENT_TEAM = 5SMQ9QJ75S;
				GENERATE_INFOPLIST_FILE = YES;
				IPHONEOS_DEPLOYMENT_TARGET = 18.0;
				LD_RUNPATH_SEARCH_PATHS = (
					"$(inherited)",
					"@executable_path/Frameworks",
					"@loader_path/Frameworks",
				);
				PRODUCT_BUNDLE_IDENTIFIER = com.shariq.adhanapp;
				SDKROOT = iphoneos;
				TARGETED_DEVICE_FAMILY = "1,2";
				TEST_HOST = "$(BUILT_PRODUCTS_DIR)/Adhan alarm app.app/$(BUNDLE_EXECUTABLE_FOLDER_PATH)/Adhan alarm app";
			};
			name = Release;
		};
/* End XCBuildConfiguration section */

/* Begin XCConfigurationList section */
		392FD0F032F37C79B4A964C9 /* Build configuration list for PBXNativeTarget "AdhanAppTests" */ = {
			isa = XCConfigurationList;
			buildConfigurations = (
				484EAF7B0CE8E540E9B00AEE /* Debug */,
				B8F14AEC9DC4B4534675CF46 /* Release */,
			);
			defaultConfigurationIsVisible = 0;
			defaultConfigurationName = Debug;
		};
		50B1B4688567FCB58C204D61 /* Build configuration list for PBXNativeTarget "AdhanWidgets" */ = {
			isa = XCConfigurationList;
			buildConfigurations = (
				0B40B8A12C213BD6FD0105BC /* Debug */,
				3763034DD16AED9D543881FA /* Release */,
			);
			defaultConfigurationIsVisible = 0;
			defaultConfigurationName = Debug;
		};
		8599613378EF293E70893149 /* Build configuration list for PBXProject "AdhanApp" */ = {
			isa = XCConfigurationList;
			buildConfigurations = (
				48696D2F2109DB6928D18FBC /* Debug */,
				A9E6E848C607C9D0D445BB5D /* Release */,
			);
			defaultConfigurationIsVisible = 0;
			defaultConfigurationName = Debug;
		};
		8BF3D2792A18633857D41ACB /* Build configuration list for PBXNativeTarget "AdhanAppUITests" */ = {
			isa = XCConfigurationList;
			buildConfigurations = (
				993ED886757AA12350B6AB1D /* Debug */,
				5F240908F108F8F91F67C738 /* Release */,
			);
			defaultConfigurationIsVisible = 0;
			defaultConfigurationName = Debug;
		};
		FE1CA800EA99297BA087F0B1 /* Build configuration list for PBXNativeTarget "AdhanApp" */ = {
			isa = XCConfigurationList;
			buildConfigurations = (
				B73AB0894F3C9F3FFE2851F0 /* Debug */,
				9A954917585D03F82AEED0F1 /* Release */,
			);
			defaultConfigurationIsVisible = 0;
			defaultConfigurationName = Debug;
		};
/* End XCConfigurationList section */

/* Begin XCRemoteSwiftPackageReference section */
		6B9E4EF75D269AB357D070B3 /* XCRemoteSwiftPackageReference "adhan-swift" */ = {
			isa = XCRemoteSwiftPackageReference;
			repositoryURL = "https://github.com/batoulapps/adhan-swift";
			requirement = {
				kind = upToNextMajorVersion;
				minimumVersion = 1.3.0;
			};
		};
		DBE50F6B2F7FF68D007B3C16 /* XCRemoteSwiftPackageReference "firebase-ios-sdk" */ = {
			isa = XCRemoteSwiftPackageReference;
			repositoryURL = "https://github.com/firebase/firebase-ios-sdk";
			requirement = {
				kind = upToNextMajorVersion;
				minimumVersion = 12.11.0;
			};
		};
/* End XCRemoteSwiftPackageReference section */

/* Begin XCSwiftPackageProductDependency section */
		17B10984E3CFD148FC4F329F /* Adhan */ = {
			isa = XCSwiftPackageProductDependency;
			package = 6B9E4EF75D269AB357D070B3 /* XCRemoteSwiftPackageReference "adhan-swift" */;
			productName = Adhan;
		};
		C02E3492A3D2E5D4FB1DC959 /* Adhan */ = {
			isa = XCSwiftPackageProductDependency;
			package = 6B9E4EF75D269AB357D070B3 /* XCRemoteSwiftPackageReference "adhan-swift" */;
			productName = Adhan;
		};
		DBE50F6C2F7FF68D007B3C16 /* FirebaseAnalytics */ = {
			isa = XCSwiftPackageProductDependency;
			package = DBE50F6B2F7FF68D007B3C16 /* XCRemoteSwiftPackageReference "firebase-ios-sdk" */;
			productName = FirebaseAnalytics;
		};
		DBE50F6E2F7FF68D007B3C16 /* FirebaseCore */ = {
			isa = XCSwiftPackageProductDependency;
			package = DBE50F6B2F7FF68D007B3C16 /* XCRemoteSwiftPackageReference "firebase-ios-sdk" */;
			productName = FirebaseCore;
		};
		DBE50F702F7FF68D007B3C16 /* FirebaseCrashlytics */ = {
			isa = XCSwiftPackageProductDependency;
			package = DBE50F6B2F7FF68D007B3C16 /* XCRemoteSwiftPackageReference "firebase-ios-sdk" */;
			productName = FirebaseCrashlytics;
		};
/* End XCSwiftPackageProductDependency section */
	};
	rootObject = 0BCCF68E80CFAAAA340D6A8E /* Project object */;
}
